
Microsoft Visual Studio Solution File, Format Version 12.00
# Visual Studio Version 17
VisualStudioVersion = 17.0.31903.59
MinimumVisualStudioVersion = 10.0.40219.1
Project("{2150E333-8FDC-42A3-9474-1A3956D46DE8}") = "src", "src", "{827E0CD3-B72D-47B6-A68D-7590B98EB39B}"
EndProject
Project("{FAE04EC0-301F-11D3-BF4B-00C04F79EFBC}") = "HelpDev.Domain", "src\HelpDev.Domain\HelpDev.Domain.csproj", "{F6C2BE56-8B49-424B-8EEF-8824D0111E78}"
EndProject
Project("{FAE04EC0-301F-11D3-BF4B-00C04F79EFBC}") = "HelpDev.Application", "src\HelpDev.Application\HelpDev.Application.csproj", "{289C8E0C-FED9-4FCA-A7F0-1C286EB0BFF3}"
EndProject
Project("{FAE04EC0-301F-11D3-BF4B-00C04F79EFBC}") = "HelpDev.Infrastructure", "src\HelpDev.Infrastructure\HelpDev.Infrastructure.csproj", "{EE475A83-B223-4159-B567-8CE1D87D588B}"
EndProject
Project("{FAE04EC0-301F-11D3-BF4B-00C04F79EFBC}") = "HelpDev.API", "src\HelpDev.API\HelpDev.API.csproj", "{0FF3FA14-6858-4CEE-BDAD-DA48FA32587F}"
EndProject
Project("{2150E333-8FDC-42A3-9474-1A3956D46DE8}") = "BuildingBlocks", "BuildingBlocks", "{90298CBA-BD6F-3A0A-69D5-97CAD7B05E7E}"
EndProject
Project("{FAE04EC0-301F-11D3-BF4B-00C04F79EFBC}") = "HelpDev.SharedKernel", "src\BuildingBlocks\HelpDev.SharedKernel\HelpDev.SharedKernel.csproj", "{51F9D2E5-A779-4257-A548-021762E3335B}"
EndProject
Project("{FAE04EC0-301F-11D3-BF4B-00C04F79EFBC}") = "HelpDev.SharedApplication", "src\BuildingBlocks\HelpDev.SharedApplication\HelpDev.SharedApplication.csproj", "{A3267963-DFCF-42B3-9C18-FB793F7E733D}"
EndProject
Project("{FAE04EC0-301F-11D3-BF4B-00C04F79EFBC}") = "HelpDev.SharedContracts", "src\BuildingBlocks\HelpDev.SharedContracts\HelpDev.SharedContracts.csproj", "{AF0E7D29-7C4E-4BDB-B1C8-A3FFDF9F1DE9}"
EndProject
Project("{FAE04EC0-301F-11D3-BF4B-00C04F79EFBC}") = "HelpDev.SharedInfrastructure", "src\BuildingBlocks\HelpDev.SharedInfrastructure\HelpDev.SharedInfrastructure.csproj", "{7BB81C42-BFCA-4125-885F-F4EAD9C1E066}"
EndProject
Project("{FAE04EC0-301F-11D3-BF4B-00C04F79EFBC}") = "HelpDev.Modules.Identity", "src\Modules\Identity\HelpDev.Modules.Identity\HelpDev.Modules.Identity.csproj", "{9E756196-995C-43BB-BA68-53AC10C1E7A2}"
EndProject
Project("{FAE04EC0-301F-11D3-BF4B-00C04F79EFBC}") = "HelpDev.Modules.Content", "src\Modules\Content\HelpDev.Modules.Content\HelpDev.Modules.Content.csproj", "{717CCF8E-0837-4DD1-BBF3-8D9052DF0CD4}"
EndProject
Project("{FAE04EC0-301F-11D3-BF4B-00C04F79EFBC}") = "HelpDev.Modules.Learning", "src\Modules\Learning\HelpDev.Modules.Learning\HelpDev.Modules.Learning.csproj", "{5B1B0000-3E02-4794-8DAA-7C8060C54B8C}"
EndProject
Project("{FAE04EC0-301F-11D3-BF4B-00C04F79EFBC}") = "HelpDev.Modules.Toolbox", "src\Modules\Toolbox\HelpDev.Modules.Toolbox\HelpDev.Modules.Toolbox.csproj", "{B241A945-6577-465E-A3EA-CC10BF889D17}"
EndProject
Project("{FAE04EC0-301F-11D3-BF4B-00C04F79EFBC}") = "HelpDev.Modules.PromptLab", "src\Modules\PromptLab\HelpDev.Modules.PromptLab\HelpDev.Modules.PromptLab.csproj", "{ED88E887-3D08-4B53-BDB4-EB81B4F5A58A}"
EndProject
Project("{FAE04EC0-301F-11D3-BF4B-00C04F79EFBC}") = "HelpDev.Modules.Search", "src\Modules\Search\HelpDev.Modules.Search\HelpDev.Modules.Search.csproj", "{CCD7E0B1-4CCB-4D48-81D6-24A444925335}"
EndProject
Project("{FAE04EC0-301F-11D3-BF4B-00C04F79EFBC}") = "HelpDev.Modules.Analytics", "src\Modules\Analytics\HelpDev.Modules.Analytics\HelpDev.Modules.Analytics.csproj", "{8DA22109-89B3-48A9-B3F9-2BC2234CE923}"
EndProject
Project("{FAE04EC0-301F-11D3-BF4B-00C04F79EFBC}") = "HelpDev.Modules.Administration", "src\Modules\Administration\HelpDev.Modules.Administration\HelpDev.Modules.Administration.csproj", "{A36B6B1D-025D-4917-B89C-0F1224F6B393}"
EndProject
Project("{2150E333-8FDC-42A3-9474-1A3956D46DE8}") = "tests", "tests", "{0AB3BF05-4346-4AA6-1389-037BE0695223}"
EndProject
Project("{FAE04EC0-301F-11D3-BF4B-00C04F79EFBC}") = "HelpDev.SharedKernel.Tests", "tests\HelpDev.SharedKernel.Tests\HelpDev.SharedKernel.Tests.csproj", "{3B440AFE-E0A5-46B1-BC39-B66F0C51D9F2}"
EndProject
Project("{FAE04EC0-301F-11D3-BF4B-00C04F79EFBC}") = "HelpDev.Content.Tests", "tests\HelpDev.Content.Tests\HelpDev.Content.Tests.csproj", "{2037641B-7D5B-4DB2-80F6-889CF71A6CD6}"
EndProject
Project("{FAE04EC0-301F-11D3-BF4B-00C04F79EFBC}") = "HelpDev.Architecture.Tests", "tests\HelpDev.Architecture.Tests\HelpDev.Architecture.Tests.csproj", "{8F1DBEEA-BEAE-432C-886E-66A87CB3F528}"
EndProject
Project("{FAE04EC0-301F-11D3-BF4B-00C04F79EFBC}") = "HelpDev.Identity.Tests", "tests\HelpDev.Identity.Tests\HelpDev.Identity.Tests.csproj", "{A0B89533-23E5-43F6-83F5-6D8DA84F79B0}"
EndProject
Project("{FAE04EC0-301F-11D3-BF4B-00C04F79EFBC}") = "HelpDev.Learning.Tests", "tests\HelpDev.Learning.Tests\HelpDev.Learning.Tests.csproj", "{4E35CC6C-3E47-4786-8C1F-71BCDDAF2178}"
EndProject
Project("{FAE04EC0-301F-11D3-BF4B-00C04F79EFBC}") = "HelpDev.Learning.Application.Tests", "tests\HelpDev.Learning.Application.Tests\HelpDev.Learning.Application.Tests.csproj", "{6344EECB-2287-4715-961E-50A6208B3F67}"
EndProject
Project("{FAE04EC0-301F-11D3-BF4B-00C04F79EFBC}") = "HelpDev.Learning.Enrollment.Application.Tests", "tests\HelpDev.Learning.Enrollment.Application.Tests\HelpDev.Learning.Enrollment.Application.Tests.csproj", "{A8EB7498-EB3B-4F5C-A88A-B8444D44F693}"
EndProject
Project("{FAE04EC0-301F-11D3-BF4B-00C04F79EFBC}") = "HelpDev.API.Tests", "tests\HelpDev.API.Tests\HelpDev.API.Tests.csproj", "{ED1A4888-1345-410D-B3E9-34EC8912FE96}"
EndProject
Project("{FAE04EC0-301F-11D3-BF4B-00C04F79EFBC}") = "HelpDev.SharedInfrastructure.Tests", "tests\HelpDev.SharedInfrastructure.Tests\HelpDev.SharedInfrastructure.Tests.csproj", "{38B97AEE-814A-42A2-ABEF-DB8363EB896F}"
EndProject
Project("{FAE04EC0-301F-11D3-BF4B-00C04F79EFBC}") = "HelpDev.Infrastructure.Tests", "tests\HelpDev.Infrastructure.Tests\HelpDev.Infrastructure.Tests.csproj", "{9B7A43BC-BE13-4466-ACC1-A187CB6F42D9}"
EndProject
Project("{FAE04EC0-301F-11D3-BF4B-00C04F79EFBC}") = "HelpDev.Search.Tests", "tests\HelpDev.Search.Tests\HelpDev.Search.Tests.csproj", "{84FC2DFD-6E06-4605-A11D-F441AE108B94}"
EndProject
Project("{FAE04EC0-301F-11D3-BF4B-00C04F79EFBC}") = "HelpDev.Administration.Tests", "tests\HelpDev.Administration.Tests\HelpDev.Administration.Tests.csproj", "{F9993C2E-8195-436B-B019-4E3F184520BD}"
EndProject
Project("{FAE04EC0-301F-11D3-BF4B-00C04F79EFBC}") = "HelpDev.Administration.Application.Tests", "tests\HelpDev.Administration.Application.Tests\HelpDev.Administration.Application.Tests.csproj", "{4C3EB7F4-F4DE-4753-83AE-5DA869337D12}"
EndProject
Project("{FAE04EC0-301F-11D3-BF4B-00C04F79EFBC}") = "HelpDev.Toolbox.Tests", "tests\HelpDev.Toolbox.Tests\HelpDev.Toolbox.Tests.csproj", "{92DE12E9-351E-41BA-B379-AD45335666E0}"
EndProject
Project("{FAE04EC0-301F-11D3-BF4B-00C04F79EFBC}") = "HelpDev.Toolbox.Application.Tests", "tests\HelpDev.Toolbox.Application.Tests\HelpDev.Toolbox.Application.Tests.csproj", "{7BA41880-5D37-40BC-9FC9-88990E2CF58C}"
EndProject
Project("{FAE04EC0-301F-11D3-BF4B-00C04F79EFBC}") = "HelpDev.PromptLab.Tests", "tests\HelpDev.PromptLab.Tests\HelpDev.PromptLab.Tests.csproj", "{20EC2124-FBD9-4CAA-AF73-FD8BBABFD94B}"
EndProject
Project("{FAE04EC0-301F-11D3-BF4B-00C04F79EFBC}") = "HelpDev.PromptLab.Application.Tests", "tests\HelpDev.PromptLab.Application.Tests\HelpDev.PromptLab.Application.Tests.csproj", "{B2458167-4DA0-4DD3-A893-4B1110F3F48D}"
EndProject
Project("{FAE04EC0-301F-11D3-BF4B-00C04F79EFBC}") = "HelpDev.Testing.Analytics", "tests\HelpDev.Testing.Analytics\HelpDev.Testing.Analytics.csproj", "{9D6551F6-54CC-4B32-BA69-F3AEAE1A3E84}"
EndProject
Project("{FAE04EC0-301F-11D3-BF4B-00C04F79EFBC}") = "HelpDev.Analytics.Tests", "tests\HelpDev.Analytics.Tests\HelpDev.Analytics.Tests.csproj", "{CD4361BF-6AD5-4CEC-B975-FE7DA96519F1}"
EndProject
Project("{FAE04EC0-301F-11D3-BF4B-00C04F79EFBC}") = "HelpDev.Analytics.Application.Tests", "tests\HelpDev.Analytics.Application.Tests\HelpDev.Analytics.Application.Tests.csproj", "{D5370347-A972-4EA0-B193-E684F3F9A088}"
EndProject
Project("{FAE04EC0-301F-11D3-BF4B-00C04F79EFBC}") = "HelpDev.Testing.Auditing", "tests\HelpDev.Testing.Auditing\HelpDev.Testing.Auditing.csproj", "{B4CE0E8B-8AB2-41A2-876E-D5923C49A498}"
EndProject
Project("{FAE04EC0-301F-11D3-BF4B-00C04F79EFBC}") = "HelpDev.Auditing.Tests", "tests\HelpDev.Auditing.Tests\HelpDev.Auditing.Tests.csproj", "{CC8D18A9-E52F-4301-BCA9-2F8673313807}"
EndProject
Project("{FAE04EC0-301F-11D3-BF4B-00C04F79EFBC}") = "HelpDev.Auditing.Application.Tests", "tests\HelpDev.Auditing.Application.Tests\HelpDev.Auditing.Application.Tests.csproj", "{5E6F2300-0FBA-42F1-B677-06B9AC610173}"
EndProject
Project("{FAE04EC0-301F-11D3-BF4B-00C04F79EFBC}") = "HelpDev.Observability.Tests", "tests\HelpDev.Observability.Tests\HelpDev.Observability.Tests.csproj", "{D38AF12A-99C0-4B59-8EA9-0A4E54C25941}"
EndProject
Project("{FAE04EC0-301F-11D3-BF4B-00C04F79EFBC}") = "HelpDev.Integration.Tests", "tests\HelpDev.Integration.Tests\HelpDev.Integration.Tests.csproj", "{7A084F2A-CE7A-42CA-917E-CD28B755A5F5}"
EndProject
Project("{FAE04EC0-301F-11D3-BF4B-00C04F79EFBC}") = "HelpDev.Testing.PostgreSQL", "tests\HelpDev.Testing.PostgreSQL\HelpDev.Testing.PostgreSQL.csproj", "{A0924FF5-4C77-495F-ABB5-DD0B51A5FA52}"
EndProject
Project("{2150E333-8FDC-42A3-9474-1A3956D46DE8}") = "Modules", "Modules", "{EC447DCF-ABFA-6E24-52A5-D7FD48A5C558}"
EndProject
Project("{2150E333-8FDC-42A3-9474-1A3956D46DE8}") = "Media", "Media", "{ABB153F5-497E-25E7-E918-29ED4C71B6E5}"
EndProject
Project("{FAE04EC0-301F-11D3-BF4B-00C04F79EFBC}") = "HelpDev.Modules.Media", "src\Modules\Media\HelpDev.Modules.Media\HelpDev.Modules.Media.csproj", "{ED8DF410-21BA-431D-9570-CFDCE1B3DB28}"
EndProject
Project("{FAE04EC0-301F-11D3-BF4B-00C04F79EFBC}") = "HelpDev.Media.Tests", "tests\HelpDev.Media.Tests\HelpDev.Media.Tests.csproj", "{75E7A909-B448-474C-8570-57EE711E7541}"
EndProject
Global
	GlobalSection(SolutionConfigurationPlatforms) = preSolution
		Debug|Any CPU = Debug|Any CPU
		Debug|x64 = Debug|x64
		Debug|x86 = Debug|x86
		Release|Any CPU = Release|Any CPU
		Release|x64 = Release|x64
		Release|x86 = Release|x86
	EndGlobalSection
	GlobalSection(ProjectConfigurationPlatforms) = postSolution
		{F6C2BE56-8B49-424B-8EEF-8824D0111E78}.Debug|Any CPU.ActiveCfg = Debug|Any CPU
		{F6C2BE56-8B49-424B-8EEF-8824D0111E78}.Debug|Any CPU.Build.0 = Debug|Any CPU
		{F6C2BE56-8B49-424B-8EEF-8824D0111E78}.Debug|x64.ActiveCfg = Debug|Any CPU
		{F6C2BE56-8B49-424B-8EEF-8824D0111E78}.Debug|x64.Build.0 = Debug|Any CPU
		{F6C2BE56-8B49-424B-8EEF-8824D0111E78}.Debug|x86.ActiveCfg = Debug|Any CPU
		{F6C2BE56-8B49-424B-8EEF-8824D0111E78}.Debug|x86.Build.0 = Debug|Any CPU
		{F6C2BE56-8B49-424B-8EEF-8824D0111E78}.Release|Any CPU.ActiveCfg = Release|Any CPU
		{F6C2BE56-8B49-424B-8EEF-8824D0111E78}.Release|Any CPU.Build.0 = Release|Any CPU
		{F6C2BE56-8B49-424B-8EEF-8824D0111E78}.Release|x64.ActiveCfg = Release|Any CPU
		{F6C2BE56-8B49-424B-8EEF-8824D0111E78}.Release|x64.Build.0 = Release|Any CPU
		{F6C2BE56-8B49-424B-8EEF-8824D0111E78}.Release|x86.ActiveCfg = Release|Any CPU
		{F6C2BE56-8B49-424B-8EEF-8824D0111E78}.Release|x86.Build.0 = Release|Any CPU
		{289C8E0C-FED9-4FCA-A7F0-1C286EB0BFF3}.Debug|Any CPU.ActiveCfg = Debug|Any CPU
		{289C8E0C-FED9-4FCA-A7F0-1C286EB0BFF3}.Debug|Any CPU.Build.0 = Debug|Any CPU
		{289C8E0C-FED9-4FCA-A7F0-1C286EB0BFF3}.Debug|x64.ActiveCfg = Debug|Any CPU
		{289C8E0C-FED9-4FCA-A7F0-1C286EB0BFF3}.Debug|x64.Build.0 = Debug|Any CPU
		{289C8E0C-FED9-4FCA-A7F0-1C286EB0BFF3}.Debug|x86.ActiveCfg = Debug|Any CPU
		{289C8E0C-FED9-4FCA-A7F0-1C286EB0BFF3}.Debug|x86.Build.0 = Debug|Any CPU
		{289C8E0C-FED9-4FCA-A7F0-1C286EB0BFF3}.Release|Any CPU.ActiveCfg = Release|Any CPU
		{289C8E0C-FED9-4FCA-A7F0-1C286EB0BFF3}.Release|Any CPU.Build.0 = Release|Any CPU
		{289C8E0C-FED9-4FCA-A7F0-1C286EB0BFF3}.Release|x64.ActiveCfg = Release|Any CPU
		{289C8E0C-FED9-4FCA-A7F0-1C286EB0BFF3}.Release|x64.Build.0 = Release|Any CPU
		{289C8E0C-FED9-4FCA-A7F0-1C286EB0BFF3}.Release|x86.ActiveCfg = Release|Any CPU
		{289C8E0C-FED9-4FCA-A7F0-1C286EB0BFF3}.Release|x86.Build.0 = Release|Any CPU
		{EE475A83-B223-4159-B567-8CE1D87D588B}.Debug|Any CPU.ActiveCfg = Debug|Any CPU
		{EE475A83-B223-4159-B567-8CE1D87D588B}.Debug|Any CPU.Build.0 = Debug|Any CPU
		{EE475A83-B223-4159-B567-8CE1D87D588B}.Debug|x64.ActiveCfg = Debug|Any CPU
		{EE475A83-B223-4159-B567-8CE1D87D588B}.Debug|x64.Build.0 = Debug|Any CPU
		{EE475A83-B223-4159-B567-8CE1D87D588B}.Debug|x86.ActiveCfg = Debug|Any CPU
		{EE475A83-B223-4159-B567-8CE1D87D588B}.Debug|x86.Build.0 = Debug|Any CPU
		{EE475A83-B223-4159-B567-8CE1D87D588B}.Release|Any CPU.ActiveCfg = Release|Any CPU
		{EE475A83-B223-4159-B567-8CE1D87D588B}.Release|Any CPU.Build.0 = Release|Any CPU
		{EE475A83-B223-4159-B567-8CE1D87D588B}.Release|x64.ActiveCfg = Release|Any CPU
		{EE475A83-B223-4159-B567-8CE1D87D588B}.Release|x64.Build.0 = Release|Any CPU
		{EE475A83-B223-4159-B567-8CE1D87D588B}.Release|x86.ActiveCfg = Release|Any CPU
		{EE475A83-B223-4159-B567-8CE1D87D588B}.Release|x86.Build.0 = Release|Any CPU
		{0FF3FA14-6858-4CEE-BDAD-DA48FA32587F}.Debug|Any CPU.ActiveCfg = Debug|Any CPU
		{0FF3FA14-6858-4CEE-BDAD-DA48FA32587F}.Debug|Any CPU.Build.0 = Debug|Any CPU
		{0FF3FA14-6858-4CEE-BDAD-DA48FA32587F}.Debug|x64.ActiveCfg = Debug|Any CPU
		{0FF3FA14-6858-4CEE-BDAD-DA48FA32587F}.Debug|x64.Build.0 = Debug|Any CPU
		{0FF3FA14-6858-4CEE-BDAD-DA48FA32587F}.Debug|x86.ActiveCfg = Debug|Any CPU
		{0FF3FA14-6858-4CEE-BDAD-DA48FA32587F}.Debug|x86.Build.0 = Debug|Any CPU
		{0FF3FA14-6858-4CEE-BDAD-DA48FA32587F}.Release|Any CPU.ActiveCfg = Release|Any CPU
		{0FF3FA14-6858-4CEE-BDAD-DA48FA32587F}.Release|Any CPU.Build.0 = Release|Any CPU
		{0FF3FA14-6858-4CEE-BDAD-DA48FA32587F}.Release|x64.ActiveCfg = Release|Any CPU
		{0FF3FA14-6858-4CEE-BDAD-DA48FA32587F}.Release|x64.Build.0 = Release|Any CPU
		{0FF3FA14-6858-4CEE-BDAD-DA48FA32587F}.Release|x86.ActiveCfg = Release|Any CPU
		{0FF3FA14-6858-4CEE-BDAD-DA48FA32587F}.Release|x86.Build.0 = Release|Any CPU
		{51F9D2E5-A779-4257-A548-021762E3335B}.Debug|Any CPU.ActiveCfg = Debug|Any CPU
		{51F9D2E5-A779-4257-A548-021762E3335B}.Debug|Any CPU.Build.0 = Debug|Any CPU
		{51F9D2E5-A779-4257-A548-021762E3335B}.Debug|x64.ActiveCfg = Debug|Any CPU
		{51F9D2E5-A779-4257-A548-021762E3335B}.Debug|x64.Build.0 = Debug|Any CPU
		{51F9D2E5-A779-4257-A548-021762E3335B}.Debug|x86.ActiveCfg = Debug|Any CPU
		{51F9D2E5-A779-4257-A548-021762E3335B}.Debug|x86.Build.0 = Debug|Any CPU
		{51F9D2E5-A779-4257-A548-021762E3335B}.Release|Any CPU.ActiveCfg = Release|Any CPU
		{51F9D2E5-A779-4257-A548-021762E3335B}.Release|Any CPU.Build.0 = Release|Any CPU
		{51F9D2E5-A779-4257-A548-021762E3335B}.Release|x64.ActiveCfg = Release|Any CPU
		{51F9D2E5-A779-4257-A548-021762E3335B}.Release|x64.Build.0 = Release|Any CPU
		{51F9D2E5-A779-4257-A548-021762E3335B}.Release|x86.ActiveCfg = Release|Any CPU
		{51F9D2E5-A779-4257-A548-021762E3335B}.Release|x86.Build.0 = Release|Any CPU
		{A3267963-DFCF-42B3-9C18-FB793F7E733D}.Debug|Any CPU.ActiveCfg = Debug|Any CPU
		{A3267963-DFCF-42B3-9C18-FB793F7E733D}.Debug|Any CPU.Build.0 = Debug|Any CPU
		{A3267963-DFCF-42B3-9C18-FB793F7E733D}.Debug|x64.ActiveCfg = Debug|Any CPU
		{A3267963-DFCF-42B3-9C18-FB793F7E733D}.Debug|x64.Build.0 = Debug|Any CPU
		{A3267963-DFCF-42B3-9C18-FB793F7E733D}.Debug|x86.ActiveCfg = Debug|Any CPU
		{A3267963-DFCF-42B3-9C18-FB793F7E733D}.Debug|x86.Build.0 = Debug|Any CPU
		{A3267963-DFCF-42B3-9C18-FB793F7E733D}.Release|Any CPU.ActiveCfg = Release|Any CPU
		{A3267963-DFCF-42B3-9C18-FB793F7E733D}.Release|Any CPU.Build.0 = Release|Any CPU
		{A3267963-DFCF-42B3-9C18-FB793F7E733D}.Release|x64.ActiveCfg = Release|Any CPU
		{A3267963-DFCF-42B3-9C18-FB793F7E733D}.Release|x64.Build.0 = Release|Any CPU
		{A3267963-DFCF-42B3-9C18-FB793F7E733D}.Release|x86.ActiveCfg = Release|Any CPU
		{A3267963-DFCF-42B3-9C18-FB793F7E733D}.Release|x86.Build.0 = Release|Any CPU
		{AF0E7D29-7C4E-4BDB-B1C8-A3FFDF9F1DE9}.Debug|Any CPU.ActiveCfg = Debug|Any CPU
		{AF0E7D29-7C4E-4BDB-B1C8-A3FFDF9F1DE9}.Debug|Any CPU.Build.0 = Debug|Any CPU
		{AF0E7D29-7C4E-4BDB-B1C8-A3FFDF9F1DE9}.Debug|x64.ActiveCfg = Debug|Any CPU
		{AF0E7D29-7C4E-4BDB-B1C8-A3FFDF9F1DE9}.Debug|x64.Build.0 = Debug|Any CPU
		{AF0E7D29-7C4E-4BDB-B1C8-A3FFDF9F1DE9}.Debug|x86.ActiveCfg = Debug|Any CPU
		{AF0E7D29-7C4E-4BDB-B1C8-A3FFDF9F1DE9}.Debug|x86.Build.0 = Debug|Any CPU
		{AF0E7D29-7C4E-4BDB-B1C8-A3FFDF9F1DE9}.Release|Any CPU.ActiveCfg = Release|Any CPU
		{AF0E7D29-7C4E-4BDB-B1C8-A3FFDF9F1DE9}.Release|Any CPU.Build.0 = Release|Any CPU
		{AF0E7D29-7C4E-4BDB-B1C8-A3FFDF9F1DE9}.Release|x64.ActiveCfg = Release|Any CPU
		{AF0E7D29-7C4E-4BDB-B1C8-A3FFDF9F1DE9}.Release|x64.Build.0 = Release|Any CPU
		{AF0E7D29-7C4E-4BDB-B1C8-A3FFDF9F1DE9}.Release|x86.ActiveCfg = Release|Any CPU
		{AF0E7D29-7C4E-4BDB-B1C8-A3FFDF9F1DE9}.Release|x86.Build.0 = Release|Any CPU
		{7BB81C42-BFCA-4125-885F-F4EAD9C1E066}.Debug|Any CPU.ActiveCfg = Debug|Any CPU
		{7BB81C42-BFCA-4125-885F-F4EAD9C1E066}.Debug|Any CPU.Build.0 = Debug|Any CPU
		{7BB81C42-BFCA-4125-885F-F4EAD9C1E066}.Debug|x64.ActiveCfg = Debug|Any CPU
		{7BB81C42-BFCA-4125-885F-F4EAD9C1E066}.Debug|x64.Build.0 = Debug|Any CPU
		{7BB81C42-BFCA-4125-885F-F4EAD9C1E066}.Debug|x86.ActiveCfg = Debug|Any CPU
		{7BB81C42-BFCA-4125-885F-F4EAD9C1E066}.Debug|x86.Build.0 = Debug|Any CPU
		{7BB81C42-BFCA-4125-885F-F4EAD9C1E066}.Release|Any CPU.ActiveCfg = Release|Any CPU
		{7BB81C42-BFCA-4125-885F-F4EAD9C1E066}.Release|Any CPU.Build.0 = Release|Any CPU
		{7BB81C42-BFCA-4125-885F-F4EAD9C1E066}.Release|x64.ActiveCfg = Release|Any CPU
		{7BB81C42-BFCA-4125-885F-F4EAD9C1E066}.Release|x64.Build.0 = Release|Any CPU
		{7BB81C42-BFCA-4125-885F-F4EAD9C1E066}.Release|x86.ActiveCfg = Release|Any CPU
		{7BB81C42-BFCA-4125-885F-F4EAD9C1E066}.Release|x86.Build.0 = Release|Any CPU
		{9E756196-995C-43BB-BA68-53AC10C1E7A2}.Debug|Any CPU.ActiveCfg = Debug|Any CPU
		{9E756196-995C-43BB-BA68-53AC10C1E7A2}.Debug|Any CPU.Build.0 = Debug|Any CPU
		{9E756196-995C-43BB-BA68-53AC10C1E7A2}.Debug|x64.ActiveCfg = Debug|Any CPU
		{9E756196-995C-43BB-BA68-53AC10C1E7A2}.Debug|x64.Build.0 = Debug|Any CPU
		{9E756196-995C-43BB-BA68-53AC10C1E7A2}.Debug|x86.ActiveCfg = Debug|Any CPU
		{9E756196-995C-43BB-BA68-53AC10C1E7A2}.Debug|x86.Build.0 = Debug|Any CPU
		{9E756196-995C-43BB-BA68-53AC10C1E7A2}.Release|Any CPU.ActiveCfg = Release|Any CPU
		{9E756196-995C-43BB-BA68-53AC10C1E7A2}.Release|Any CPU.Build.0 = Release|Any CPU
		{9E756196-995C-43BB-BA68-53AC10C1E7A2}.Release|x64.ActiveCfg = Release|Any CPU
		{9E756196-995C-43BB-BA68-53AC10C1E7A2}.Release|x64.Build.0 = Release|Any CPU
		{9E756196-995C-43BB-BA68-53AC10C1E7A2}.Release|x86.ActiveCfg = Release|Any CPU
		{9E756196-995C-43BB-BA68-53AC10C1E7A2}.Release|x86.Build.0 = Release|Any CPU
		{717CCF8E-0837-4DD1-BBF3-8D9052DF0CD4}.Debug|Any CPU.ActiveCfg = Debug|Any CPU
		{717CCF8E-0837-4DD1-BBF3-8D9052DF0CD4}.Debug|Any CPU.Build.0 = Debug|Any CPU
		{717CCF8E-0837-4DD1-BBF3-8D9052DF0CD4}.Debug|x64.ActiveCfg = Debug|Any CPU
		{717CCF8E-0837-4DD1-BBF3-8D9052DF0CD4}.Debug|x64.Build.0 = Debug|Any CPU
		{717CCF8E-0837-4DD1-BBF3-8D9052DF0CD4}.Debug|x86.ActiveCfg = Debug|Any CPU
		{717CCF8E-0837-4DD1-BBF3-8D9052DF0CD4}.Debug|x86.Build.0 = Debug|Any CPU
		{717CCF8E-0837-4DD1-BBF3-8D9052DF0CD4}.Release|Any CPU.ActiveCfg = Release|Any CPU
		{717CCF8E-0837-4DD1-BBF3-8D9052DF0CD4}.Release|Any CPU.Build.0 = Release|Any CPU
		{717CCF8E-0837-4DD1-BBF3-8D9052DF0CD4}.Release|x64.ActiveCfg = Release|Any CPU
		{717CCF8E-0837-4DD1-BBF3-8D9052DF0CD4}.Release|x64.Build.0 = Release|Any CPU
		{717CCF8E-0837-4DD1-BBF3-8D9052DF0CD4}.Release|x86.ActiveCfg = Release|Any CPU
		{717CCF8E-0837-4DD1-BBF3-8D9052DF0CD4}.Release|x86.Build.0 = Release|Any CPU
		{5B1B0000-3E02-4794-8DAA-7C8060C54B8C}.Debug|Any CPU.ActiveCfg = Debug|Any CPU
		{5B1B0000-3E02-4794-8DAA-7C8060C54B8C}.Debug|Any CPU.Build.0 = Debug|Any CPU
		{5B1B0000-3E02-4794-8DAA-7C8060C54B8C}.Debug|x64.ActiveCfg = Debug|Any CPU
		{5B1B0000-3E02-4794-8DAA-7C8060C54B8C}.Debug|x64.Build.0 = Debug|Any CPU
		{5B1B0000-3E02-4794-8DAA-7C8060C54B8C}.Debug|x86.ActiveCfg = Debug|Any CPU
		{5B1B0000-3E02-4794-8DAA-7C8060C54B8C}.Debug|x86.Build.0 = Debug|Any CPU
		{5B1B0000-3E02-4794-8DAA-7C8060C54B8C}.Release|Any CPU.ActiveCfg = Release|Any CPU
		{5B1B0000-3E02-4794-8DAA-7C8060C54B8C}.Release|Any CPU.Build.0 = Release|Any CPU
		{5B1B0000-3E02-4794-8DAA-7C8060C54B8C}.Release|x64.ActiveCfg = Release|Any CPU
		{5B1B0000-3E02-4794-8DAA-7C8060C54B8C}.Release|x64.Build.0 = Release|Any CPU
		{5B1B0000-3E02-4794-8DAA-7C8060C54B8C}.Release|x86.ActiveCfg = Release|Any CPU
		{5B1B0000-3E02-4794-8DAA-7C8060C54B8C}.Release|x86.Build.0 = Release|Any CPU
		{B241A945-6577-465E-A3EA-CC10BF889D17}.Debug|Any CPU.ActiveCfg = Debug|Any CPU
		{B241A945-6577-465E-A3EA-CC10BF889D17}.Debug|Any CPU.Build.0 = Debug|Any CPU
		{B241A945-6577-465E-A3EA-CC10BF889D17}.Debug|x64.ActiveCfg = Debug|Any CPU
		{B241A945-6577-465E-A3EA-CC10BF889D17}.Debug|x64.Build.0 = Debug|Any CPU
		{B241A945-6577-465E-A3EA-CC10BF889D17}.Debug|x86.ActiveCfg = Debug|Any CPU
		{B241A945-6577-465E-A3EA-CC10BF889D17}.Debug|x86.Build.0 = Debug|Any CPU
		{B241A945-6577-465E-A3EA-CC10BF889D17}.Release|Any CPU.ActiveCfg = Release|Any CPU
		{B241A945-6577-465E-A3EA-CC10BF889D17}.Release|Any CPU.Build.0 = Release|Any CPU
		{B241A945-6577-465E-A3EA-CC10BF889D17}.Release|x64.ActiveCfg = Release|Any CPU
		{B241A945-6577-465E-A3EA-CC10BF889D17}.Release|x64.Build.0 = Release|Any CPU
		{B241A945-6577-465E-A3EA-CC10BF889D17}.Release|x86.ActiveCfg = Release|Any CPU
		{B241A945-6577-465E-A3EA-CC10BF889D17}.Release|x86.Build.0 = Release|Any CPU
		{ED88E887-3D08-4B53-BDB4-EB81B4F5A58A}.Debug|Any CPU.ActiveCfg = Debug|Any CPU
		{ED88E887-3D08-4B53-BDB4-EB81B4F5A58A}.Debug|Any CPU.Build.0 = Debug|Any CPU
		{ED88E887-3D08-4B53-BDB4-EB81B4F5A58A}.Debug|x64.ActiveCfg = Debug|Any CPU
		{ED88E887-3D08-4B53-BDB4-EB81B4F5A58A}.Debug|x64.Build.0 = Debug|Any CPU
		{ED88E887-3D08-4B53-BDB4-EB81B4F5A58A}.Debug|x86.ActiveCfg = Debug|Any CPU
		{ED88E887-3D08-4B53-BDB4-EB81B4F5A58A}.Debug|x86.Build.0 = Debug|Any CPU
		{ED88E887-3D08-4B53-BDB4-EB81B4F5A58A}.Release|Any CPU.ActiveCfg = Release|Any CPU
		{ED88E887-3D08-4B53-BDB4-EB81B4F5A58A}.Release|Any CPU.Build.0 = Release|Any CPU
		{ED88E887-3D08-4B53-BDB4-EB81B4F5A58A}.Release|x64.ActiveCfg = Release|Any CPU
		{ED88E887-3D08-4B53-BDB4-EB81B4F5A58A}.Release|x64.Build.0 = Release|Any CPU
		{ED88E887-3D08-4B53-BDB4-EB81B4F5A58A}.Release|x86.ActiveCfg = Release|Any CPU
		{ED88E887-3D08-4B53-BDB4-EB81B4F5A58A}.Release|x86.Build.0 = Release|Any CPU
		{CCD7E0B1-4CCB-4D48-81D6-24A444925335}.Debug|Any CPU.ActiveCfg = Debug|Any CPU
		{CCD7E0B1-4CCB-4D48-81D6-24A444925335}.Debug|Any CPU.Build.0 = Debug|Any CPU
		{CCD7E0B1-4CCB-4D48-81D6-24A444925335}.Debug|x64.ActiveCfg = Debug|Any CPU
		{CCD7E0B1-4CCB-4D48-81D6-24A444925335}.Debug|x64.Build.0 = Debug|Any CPU
		{CCD7E0B1-4CCB-4D48-81D6-24A444925335}.Debug|x86.ActiveCfg = Debug|Any CPU
		{CCD7E0B1-4CCB-4D48-81D6-24A444925335}.Debug|x86.Build.0 = Debug|Any CPU
		{CCD7E0B1-4CCB-4D48-81D6-24A444925335}.Release|Any CPU.ActiveCfg = Release|Any CPU
		{CCD7E0B1-4CCB-4D48-81D6-24A444925335}.Release|Any CPU.Build.0 = Release|Any CPU
		{CCD7E0B1-4CCB-4D48-81D6-24A444925335}.Release|x64.ActiveCfg = Release|Any CPU
		{CCD7E0B1-4CCB-4D48-81D6-24A444925335}.Release|x64.Build.0 = Release|Any CPU
		{CCD7E0B1-4CCB-4D48-81D6-24A444925335}.Release|x86.ActiveCfg = Release|Any CPU
		{CCD7E0B1-4CCB-4D48-81D6-24A444925335}.Release|x86.Build.0 = Release|Any CPU
		{8DA22109-89B3-48A9-B3F9-2BC2234CE923}.Debug|Any CPU.ActiveCfg = Debug|Any CPU
		{8DA22109-89B3-48A9-B3F9-2BC2234CE923}.Debug|Any CPU.Build.0 = Debug|Any CPU
		{8DA22109-89B3-48A9-B3F9-2BC2234CE923}.Debug|x64.ActiveCfg = Debug|Any CPU
		{8DA22109-89B3-48A9-B3F9-2BC2234CE923}.Debug|x64.Build.0 = Debug|Any CPU
		{8DA22109-89B3-48A9-B3F9-2BC2234CE923}.Debug|x86.ActiveCfg = Debug|Any CPU
		{8DA22109-89B3-48A9-B3F9-2BC2234CE923}.Debug|x86.Build.0 = Debug|Any CPU
		{8DA22109-89B3-48A9-B3F9-2BC2234CE923}.Release|Any CPU.ActiveCfg = Release|Any CPU
		{8DA22109-89B3-48A9-B3F9-2BC2234CE923}.Release|Any CPU.Build.0 = Release|Any CPU
		{8DA22109-89B3-48A9-B3F9-2BC2234CE923}.Release|x64.ActiveCfg = Release|Any CPU
		{8DA22109-89B3-48A9-B3F9-2BC2234CE923}.Release|x64.Build.0 = Release|Any CPU
		{8DA22109-89B3-48A9-B3F9-2BC2234CE923}.Release|x86.ActiveCfg = Release|Any CPU
		{8DA22109-89B3-48A9-B3F9-2BC2234CE923}.Release|x86.Build.0 = Release|Any CPU
		{A36B6B1D-025D-4917-B89C-0F1224F6B393}.Debug|Any CPU.ActiveCfg = Debug|Any CPU
		{A36B6B1D-025D-4917-B89C-0F1224F6B393}.Debug|Any CPU.Build.0 = Debug|Any CPU
		{A36B6B1D-025D-4917-B89C-0F1224F6B393}.Debug|x64.ActiveCfg = Debug|Any CPU
		{A36B6B1D-025D-4917-B89C-0F1224F6B393}.Debug|x64.Build.0 = Debug|Any CPU
		{A36B6B1D-025D-4917-B89C-0F1224F6B393}.Debug|x86.ActiveCfg = Debug|Any CPU
		{A36B6B1D-025D-4917-B89C-0F1224F6B393}.Debug|x86.Build.0 = Debug|Any CPU
		{A36B6B1D-025D-4917-B89C-0F1224F6B393}.Release|Any CPU.ActiveCfg = Release|Any CPU
		{A36B6B1D-025D-4917-B89C-0F1224F6B393}.Release|Any CPU.Build.0 = Release|Any CPU
		{A36B6B1D-025D-4917-B89C-0F1224F6B393}.Release|x64.ActiveCfg = Release|Any CPU
		{A36B6B1D-025D-4917-B89C-0F1224F6B393}.Release|x64.Build.0 = Release|Any CPU
		{A36B6B1D-025D-4917-B89C-0F1224F6B393}.Release|x86.ActiveCfg = Release|Any CPU
		{A36B6B1D-025D-4917-B89C-0F1224F6B393}.Release|x86.Build.0 = Release|Any CPU
		{3B440AFE-E0A5-46B1-BC39-B66F0C51D9F2}.Debug|Any CPU.ActiveCfg = Debug|Any CPU
		{3B440AFE-E0A5-46B1-BC39-B66F0C51D9F2}.Debug|Any CPU.Build.0 = Debug|Any CPU
		{3B440AFE-E0A5-46B1-BC39-B66F0C51D9F2}.Debug|x64.ActiveCfg = Debug|Any CPU
		{3B440AFE-E0A5-46B1-BC39-B66F0C51D9F2}.Debug|x64.Build.0 = Debug|Any CPU
		{3B440AFE-E0A5-46B1-BC39-B66F0C51D9F2}.Debug|x86.ActiveCfg = Debug|Any CPU
		{3B440AFE-E0A5-46B1-BC39-B66F0C51D9F2}.Debug|x86.Build.0 = Debug|Any CPU
		{3B440AFE-E0A5-46B1-BC39-B66F0C51D9F2}.Release|Any CPU.ActiveCfg = Release|Any CPU
		{3B440AFE-E0A5-46B1-BC39-B66F0C51D9F2}.Release|Any CPU.Build.0 = Release|Any CPU
		{3B440AFE-E0A5-46B1-BC39-B66F0C51D9F2}.Release|x64.ActiveCfg = Release|Any CPU
		{3B440AFE-E0A5-46B1-BC39-B66F0C51D9F2}.Release|x64.Build.0 = Release|Any CPU
		{3B440AFE-E0A5-46B1-BC39-B66F0C51D9F2}.Release|x86.ActiveCfg = Release|Any CPU
		{3B440AFE-E0A5-46B1-BC39-B66F0C51D9F2}.Release|x86.Build.0 = Release|Any CPU
		{2037641B-7D5B-4DB2-80F6-889CF71A6CD6}.Debug|Any CPU.ActiveCfg = Debug|Any CPU
		{2037641B-7D5B-4DB2-80F6-889CF71A6CD6}.Debug|Any CPU.Build.0 = Debug|Any CPU
		{2037641B-7D5B-4DB2-80F6-889CF71A6CD6}.Debug|x64.ActiveCfg = Debug|Any CPU
		{2037641B-7D5B-4DB2-80F6-889CF71A6CD6}.Debug|x64.Build.0 = Debug|Any CPU
		{2037641B-7D5B-4DB2-80F6-889CF71A6CD6}.Debug|x86.ActiveCfg = Debug|Any CPU
		{2037641B-7D5B-4DB2-80F6-889CF71A6CD6}.Debug|x86.Build.0 = Debug|Any CPU
		{2037641B-7D5B-4DB2-80F6-889CF71A6CD6}.Release|Any CPU.ActiveCfg = Release|Any CPU
		{2037641B-7D5B-4DB2-80F6-889CF71A6CD6}.Release|Any CPU.Build.0 = Release|Any CPU
		{2037641B-7D5B-4DB2-80F6-889CF71A6CD6}.Release|x64.ActiveCfg = Release|Any CPU
		{2037641B-7D5B-4DB2-80F6-889CF71A6CD6}.Release|x64.Build.0 = Release|Any CPU
		{2037641B-7D5B-4DB2-80F6-889CF71A6CD6}.Release|x86.ActiveCfg = Release|Any CPU
		{2037641B-7D5B-4DB2-80F6-889CF71A6CD6}.Release|x86.Build.0 = Release|Any CPU
		{8F1DBEEA-BEAE-432C-886E-66A87CB3F528}.Debug|Any CPU.ActiveCfg = Debug|Any CPU
		{8F1DBEEA-BEAE-432C-886E-66A87CB3F528}.Debug|Any CPU.Build.0 = Debug|Any CPU
		{8F1DBEEA-BEAE-432C-886E-66A87CB3F528}.Debug|x64.ActiveCfg = Debug|Any CPU
		{8F1DBEEA-BEAE-432C-886E-66A87CB3F528}.Debug|x64.Build.0 = Debug|Any CPU
		{8F1DBEEA-BEAE-432C-886E-66A87CB3F528}.Debug|x86.ActiveCfg = Debug|Any CPU
		{8F1DBEEA-BEAE-432C-886E-66A87CB3F528}.Debug|x86.Build.0 = Debug|Any CPU
		{8F1DBEEA-BEAE-432C-886E-66A87CB3F528}.Release|Any CPU.ActiveCfg = Release|Any CPU
		{8F1DBEEA-BEAE-432C-886E-66A87CB3F528}.Release|Any CPU.Build.0 = Release|Any CPU
		{8F1DBEEA-BEAE-432C-886E-66A87CB3F528}.Release|x64.ActiveCfg = Release|Any CPU
		{8F1DBEEA-BEAE-432C-886E-66A87CB3F528}.Release|x64.Build.0 = Release|Any CPU
		{8F1DBEEA-BEAE-432C-886E-66A87CB3F528}.Release|x86.ActiveCfg = Release|Any CPU
		{8F1DBEEA-BEAE-432C-886E-66A87CB3F528}.Release|x86.Build.0 = Release|Any CPU
		{A0B89533-23E5-43F6-83F5-6D8DA84F79B0}.Debug|Any CPU.ActiveCfg = Debug|Any CPU
		{A0B89533-23E5-43F6-83F5-6D8DA84F79B0}.Debug|Any CPU.Build.0 = Debug|Any CPU
		{A0B89533-23E5-43F6-83F5-6D8DA84F79B0}.Debug|x64.ActiveCfg = Debug|Any CPU
		{A0B89533-23E5-43F6-83F5-6D8DA84F79B0}.Debug|x64.Build.0 = Debug|Any CPU
		{A0B89533-23E5-43F6-83F5-6D8DA84F79B0}.Debug|x86.ActiveCfg = Debug|Any CPU
		{A0B89533-23E5-43F6-83F5-6D8DA84F79B0}.Debug|x86.Build.0 = Debug|Any CPU
		{A0B89533-23E5-43F6-83F5-6D8DA84F79B0}.Release|Any CPU.ActiveCfg = Release|Any CPU
		{A0B89533-23E5-43F6-83F5-6D8DA84F79B0}.Release|Any CPU.Build.0 = Release|Any CPU
		{A0B89533-23E5-43F6-83F5-6D8DA84F79B0}.Release|x64.ActiveCfg = Release|Any CPU
		{A0B89533-23E5-43F6-83F5-6D8DA84F79B0}.Release|x64.Build.0 = Release|Any CPU
		{A0B89533-23E5-43F6-83F5-6D8DA84F79B0}.Release|x86.ActiveCfg = Release|Any CPU
		{A0B89533-23E5-43F6-83F5-6D8DA84F79B0}.Release|x86.Build.0 = Release|Any CPU
		{4E35CC6C-3E47-4786-8C1F-71BCDDAF2178}.Debug|Any CPU.ActiveCfg = Debug|Any CPU
		{4E35CC6C-3E47-4786-8C1F-71BCDDAF2178}.Debug|Any CPU.Build.0 = Debug|Any CPU
		{4E35CC6C-3E47-4786-8C1F-71BCDDAF2178}.Debug|x64.ActiveCfg = Debug|Any CPU
		{4E35CC6C-3E47-4786-8C1F-71BCDDAF2178}.Debug|x64.Build.0 = Debug|Any CPU
		{4E35CC6C-3E47-4786-8C1F-71BCDDAF2178}.Debug|x86.ActiveCfg = Debug|Any CPU
		{4E35CC6C-3E47-4786-8C1F-71BCDDAF2178}.Debug|x86.Build.0 = Debug|Any CPU
		{4E35CC6C-3E47-4786-8C1F-71BCDDAF2178}.Release|Any CPU.ActiveCfg = Release|Any CPU
		{4E35CC6C-3E47-4786-8C1F-71BCDDAF2178}.Release|Any CPU.Build.0 = Release|Any CPU
		{4E35CC6C-3E47-4786-8C1F-71BCDDAF2178}.Release|x64.ActiveCfg = Release|Any CPU
		{4E35CC6C-3E47-4786-8C1F-71BCDDAF2178}.Release|x64.Build.0 = Release|Any CPU
		{4E35CC6C-3E47-4786-8C1F-71BCDDAF2178}.Release|x86.ActiveCfg = Release|Any CPU
		{4E35CC6C-3E47-4786-8C1F-71BCDDAF2178}.Release|x86.Build.0 = Release|Any CPU
		{6344EECB-2287-4715-961E-50A6208B3F67}.Debug|Any CPU.ActiveCfg = Debug|Any CPU
		{6344EECB-2287-4715-961E-50A6208B3F67}.Debug|Any CPU.Build.0 = Debug|Any CPU
		{6344EECB-2287-4715-961E-50A6208B3F67}.Debug|x64.ActiveCfg = Debug|Any CPU
		{6344EECB-2287-4715-961E-50A6208B3F67}.Debug|x64.Build.0 = Debug|Any CPU
		{6344EECB-2287-4715-961E-50A6208B3F67}.Debug|x86.ActiveCfg = Debug|Any CPU
		{6344EECB-2287-4715-961E-50A6208B3F67}.Debug|x86.Build.0 = Debug|Any CPU
		{6344EECB-2287-4715-961E-50A6208B3F67}.Release|Any CPU.ActiveCfg = Release|Any CPU
		{6344EECB-2287-4715-961E-50A6208B3F67}.Release|Any CPU.Build.0 = Release|Any CPU
		{6344EECB-2287-4715-961E-50A6208B3F67}.Release|x64.ActiveCfg = Release|Any CPU
		{6344EECB-2287-4715-961E-50A6208B3F67}.Release|x64.Build.0 = Release|Any CPU
		{6344EECB-2287-4715-961E-50A6208B3F67}.Release|x86.ActiveCfg = Release|Any CPU
		{6344EECB-2287-4715-961E-50A6208B3F67}.Release|x86.Build.0 = Release|Any CPU
		{A8EB7498-EB3B-4F5C-A88A-B8444D44F693}.Debug|Any CPU.ActiveCfg = Debug|Any CPU
		{A8EB7498-EB3B-4F5C-A88A-B8444D44F693}.Debug|Any CPU.Build.0 = Debug|Any CPU
		{A8EB7498-EB3B-4F5C-A88A-B8444D44F693}.Debug|x64.ActiveCfg = Debug|Any CPU
		{A8EB7498-EB3B-4F5C-A88A-B8444D44F693}.Debug|x64.Build.0 = Debug|Any CPU
		{A8EB7498-EB3B-4F5C-A88A-B8444D44F693}.Debug|x86.ActiveCfg = Debug|Any CPU
		{A8EB7498-EB3B-4F5C-A88A-B8444D44F693}.Debug|x86.Build.0 = Debug|Any CPU
		{A8EB7498-EB3B-4F5C-A88A-B8444D44F693}.Release|Any CPU.ActiveCfg = Release|Any CPU
		{A8EB7498-EB3B-4F5C-A88A-B8444D44F693}.Release|Any CPU.Build.0 = Release|Any CPU
		{A8EB7498-EB3B-4F5C-A88A-B8444D44F693}.Release|x64.ActiveCfg = Release|Any CPU
		{A8EB7498-EB3B-4F5C-A88A-B8444D44F693}.Release|x64.Build.0 = Release|Any CPU
		{A8EB7498-EB3B-4F5C-A88A-B8444D44F693}.Release|x86.ActiveCfg = Release|Any CPU
		{A8EB7498-EB3B-4F5C-A88A-B8444D44F693}.Release|x86.Build.0 = Release|Any CPU
		{ED1A4888-1345-410D-B3E9-34EC8912FE96}.Debug|Any CPU.ActiveCfg = Debug|Any CPU
		{ED1A4888-1345-410D-B3E9-34EC8912FE96}.Debug|Any CPU.Build.0 = Debug|Any CPU
		{ED1A4888-1345-410D-B3E9-34EC8912FE96}.Debug|x64.ActiveCfg = Debug|Any CPU
		{ED1A4888-1345-410D-B3E9-34EC8912FE96}.Debug|x64.Build.0 = Debug|Any CPU
		{ED1A4888-1345-410D-B3E9-34EC8912FE96}.Debug|x86.ActiveCfg = Debug|Any CPU
		{ED1A4888-1345-410D-B3E9-34EC8912FE96}.Debug|x86.Build.0 = Debug|Any CPU
		{ED1A4888-1345-410D-B3E9-34EC8912FE96}.Release|Any CPU.ActiveCfg = Release|Any CPU
		{ED1A4888-1345-410D-B3E9-34EC8912FE96}.Release|Any CPU.Build.0 = Release|Any CPU
		{ED1A4888-1345-410D-B3E9-34EC8912FE96}.Release|x64.ActiveCfg = Release|Any CPU
		{ED1A4888-1345-410D-B3E9-34EC8912FE96}.Release|x64.Build.0 = Release|Any CPU
		{ED1A4888-1345-410D-B3E9-34EC8912FE96}.Release|x86.ActiveCfg = Release|Any CPU
		{ED1A4888-1345-410D-B3E9-34EC8912FE96}.Release|x86.Build.0 = Release|Any CPU
		{38B97AEE-814A-42A2-ABEF-DB8363EB896F}.Debug|Any CPU.ActiveCfg = Debug|Any CPU
		{38B97AEE-814A-42A2-ABEF-DB8363EB896F}.Debug|Any CPU.Build.0 = Debug|Any CPU
		{38B97AEE-814A-42A2-ABEF-DB8363EB896F}.Debug|x64.ActiveCfg = Debug|Any CPU
		{38B97AEE-814A-42A2-ABEF-DB8363EB896F}.Debug|x64.Build.0 = Debug|Any CPU
		{38B97AEE-814A-42A2-ABEF-DB8363EB896F}.Debug|x86.ActiveCfg = Debug|Any CPU
		{38B97AEE-814A-42A2-ABEF-DB8363EB896F}.Debug|x86.Build.0 = Debug|Any CPU
		{38B97AEE-814A-42A2-ABEF-DB8363EB896F}.Release|Any CPU.ActiveCfg = Release|Any CPU
		{38B97AEE-814A-42A2-ABEF-DB8363EB896F}.Release|Any CPU.Build.0 = Release|Any CPU
		{38B97AEE-814A-42A2-ABEF-DB8363EB896F}.Release|x64.ActiveCfg = Release|Any CPU
		{38B97AEE-814A-42A2-ABEF-DB8363EB896F}.Release|x64.Build.0 = Release|Any CPU
		{38B97AEE-814A-42A2-ABEF-DB8363EB896F}.Release|x86.ActiveCfg = Release|Any CPU
		{38B97AEE-814A-42A2-ABEF-DB8363EB896F}.Release|x86.Build.0 = Release|Any CPU
		{9B7A43BC-BE13-4466-ACC1-A187CB6F42D9}.Debug|Any CPU.ActiveCfg = Debug|Any CPU
		{9B7A43BC-BE13-4466-ACC1-A187CB6F42D9}.Debug|Any CPU.Build.0 = Debug|Any CPU
		{9B7A43BC-BE13-4466-ACC1-A187CB6F42D9}.Debug|x64.ActiveCfg = Debug|Any CPU
		{9B7A43BC-BE13-4466-ACC1-A187CB6F42D9}.Debug|x64.Build.0 = Debug|Any CPU
		{9B7A43BC-BE13-4466-ACC1-A187CB6F42D9}.Debug|x86.ActiveCfg = Debug|Any CPU
		{9B7A43BC-BE13-4466-ACC1-A187CB6F42D9}.Debug|x86.Build.0 = Debug|Any CPU
		{9B7A43BC-BE13-4466-ACC1-A187CB6F42D9}.Release|Any CPU.ActiveCfg = Release|Any CPU
		{9B7A43BC-BE13-4466-ACC1-A187CB6F42D9}.Release|Any CPU.Build.0 = Release|Any CPU
		{9B7A43BC-BE13-4466-ACC1-A187CB6F42D9}.Release|x64.ActiveCfg = Release|Any CPU
		{9B7A43BC-BE13-4466-ACC1-A187CB6F42D9}.Release|x64.Build.0 = Release|Any CPU
		{9B7A43BC-BE13-4466-ACC1-A187CB6F42D9}.Release|x86.ActiveCfg = Release|Any CPU
		{9B7A43BC-BE13-4466-ACC1-A187CB6F42D9}.Release|x86.Build.0 = Release|Any CPU
		{84FC2DFD-6E06-4605-A11D-F441AE108B94}.Debug|Any CPU.ActiveCfg = Debug|Any CPU
		{84FC2DFD-6E06-4605-A11D-F441AE108B94}.Debug|Any CPU.Build.0 = Debug|Any CPU
		{84FC2DFD-6E06-4605-A11D-F441AE108B94}.Debug|x64.ActiveCfg = Debug|Any CPU
		{84FC2DFD-6E06-4605-A11D-F441AE108B94}.Debug|x64.Build.0 = Debug|Any CPU
		{84FC2DFD-6E06-4605-A11D-F441AE108B94}.Debug|x86.ActiveCfg = Debug|Any CPU
		{84FC2DFD-6E06-4605-A11D-F441AE108B94}.Debug|x86.Build.0 = Debug|Any CPU
		{84FC2DFD-6E06-4605-A11D-F441AE108B94}.Release|Any CPU.ActiveCfg = Release|Any CPU
		{84FC2DFD-6E06-4605-A11D-F441AE108B94}.Release|Any CPU.Build.0 = Release|Any CPU
		{84FC2DFD-6E06-4605-A11D-F441AE108B94}.Release|x64.ActiveCfg = Release|Any CPU
		{84FC2DFD-6E06-4605-A11D-F441AE108B94}.Release|x64.Build.0 = Release|Any CPU
		{84FC2DFD-6E06-4605-A11D-F441AE108B94}.Release|x86.ActiveCfg = Release|Any CPU
		{84FC2DFD-6E06-4605-A11D-F441AE108B94}.Release|x86.Build.0 = Release|Any CPU
		{F9993C2E-8195-436B-B019-4E3F184520BD}.Debug|Any CPU.ActiveCfg = Debug|Any CPU
		{F9993C2E-8195-436B-B019-4E3F184520BD}.Debug|Any CPU.Build.0 = Debug|Any CPU
		{F9993C2E-8195-436B-B019-4E3F184520BD}.Debug|x64.ActiveCfg = Debug|Any CPU
		{F9993C2E-8195-436B-B019-4E3F184520BD}.Debug|x64.Build.0 = Debug|Any CPU
		{F9993C2E-8195-436B-B019-4E3F184520BD}.Debug|x86.ActiveCfg = Debug|Any CPU
		{F9993C2E-8195-436B-B019-4E3F184520BD}.Debug|x86.Build.0 = Debug|Any CPU
		{F9993C2E-8195-436B-B019-4E3F184520BD}.Release|Any CPU.ActiveCfg = Release|Any CPU
		{F9993C2E-8195-436B-B019-4E3F184520BD}.Release|Any CPU.Build.0 = Release|Any CPU
		{F9993C2E-8195-436B-B019-4E3F184520BD}.Release|x64.ActiveCfg = Release|Any CPU
		{F9993C2E-8195-436B-B019-4E3F184520BD}.Release|x64.Build.0 = Release|Any CPU
		{F9993C2E-8195-436B-B019-4E3F184520BD}.Release|x86.ActiveCfg = Release|Any CPU
		{F9993C2E-8195-436B-B019-4E3F184520BD}.Release|x86.Build.0 = Release|Any CPU
		{4C3EB7F4-F4DE-4753-83AE-5DA869337D12}.Debug|Any CPU.ActiveCfg = Debug|Any CPU
		{4C3EB7F4-F4DE-4753-83AE-5DA869337D12}.Debug|Any CPU.Build.0 = Debug|Any CPU
		{4C3EB7F4-F4DE-4753-83AE-5DA869337D12}.Debug|x64.ActiveCfg = Debug|Any CPU
		{4C3EB7F4-F4DE-4753-83AE-5DA869337D12}.Debug|x64.Build.0 = Debug|Any CPU
		{4C3EB7F4-F4DE-4753-83AE-5DA869337D12}.Debug|x86.ActiveCfg = Debug|Any CPU
		{4C3EB7F4-F4DE-4753-83AE-5DA869337D12}.Debug|x86.Build.0 = Debug|Any CPU
		{4C3EB7F4-F4DE-4753-83AE-5DA869337D12}.Release|Any CPU.ActiveCfg = Release|Any CPU
		{4C3EB7F4-F4DE-4753-83AE-5DA869337D12}.Release|Any CPU.Build.0 = Release|Any CPU
		{4C3EB7F4-F4DE-4753-83AE-5DA869337D12}.Release|x64.ActiveCfg = Release|Any CPU
		{4C3EB7F4-F4DE-4753-83AE-5DA869337D12}.Release|x64.Build.0 = Release|Any CPU
		{4C3EB7F4-F4DE-4753-83AE-5DA869337D12}.Release|x86.ActiveCfg = Release|Any CPU
		{4C3EB7F4-F4DE-4753-83AE-5DA869337D12}.Release|x86.Build.0 = Release|Any CPU
		{92DE12E9-351E-41BA-B379-AD45335666E0}.Debug|Any CPU.ActiveCfg = Debug|Any CPU
		{92DE12E9-351E-41BA-B379-AD45335666E0}.Debug|Any CPU.Build.0 = Debug|Any CPU
		{92DE12E9-351E-41BA-B379-AD45335666E0}.Debug|x64.ActiveCfg = Debug|Any CPU
		{92DE12E9-351E-41BA-B379-AD45335666E0}.Debug|x64.Build.0 = Debug|Any CPU
		{92DE12E9-351E-41BA-B379-AD45335666E0}.Debug|x86.ActiveCfg = Debug|Any CPU
		{92DE12E9-351E-41BA-B379-AD45335666E0}.Debug|x86.Build.0 = Debug|Any CPU
		{92DE12E9-351E-41BA-B379-AD45335666E0}.Release|Any CPU.ActiveCfg = Release|Any CPU
		{92DE12E9-351E-41BA-B379-AD45335666E0}.Release|Any CPU.Build.0 = Release|Any CPU
		{92DE12E9-351E-41BA-B379-AD45335666E0}.Release|x64.ActiveCfg = Release|Any CPU
		{92DE12E9-351E-41BA-B379-AD45335666E0}.Release|x64.Build.0 = Release|Any CPU
		{92DE12E9-351E-41BA-B379-AD45335666E0}.Release|x86.ActiveCfg = Release|Any CPU
		{92DE12E9-351E-41BA-B379-AD45335666E0}.Release|x86.Build.0 = Release|Any CPU
		{7BA41880-5D37-40BC-9FC9-88990E2CF58C}.Debug|Any CPU.ActiveCfg = Debug|Any CPU
		{7BA41880-5D37-40BC-9FC9-88990E2CF58C}.Debug|Any CPU.Build.0 = Debug|Any CPU
		{7BA41880-5D37-40BC-9FC9-88990E2CF58C}.Debug|x64.ActiveCfg = Debug|Any CPU
		{7BA41880-5D37-40BC-9FC9-88990E2CF58C}.Debug|x64.Build.0 = Debug|Any CPU
		{7BA41880-5D37-40BC-9FC9-88990E2CF58C}.Debug|x86.ActiveCfg = Debug|Any CPU
		{7BA41880-5D37-40BC-9FC9-88990E2CF58C}.Debug|x86.Build.0 = Debug|Any CPU
		{7BA41880-5D37-40BC-9FC9-88990E2CF58C}.Release|Any CPU.ActiveCfg = Release|Any CPU
		{7BA41880-5D37-40BC-9FC9-88990E2CF58C}.Release|Any CPU.Build.0 = Release|Any CPU
		{7BA41880-5D37-40BC-9FC9-88990E2CF58C}.Release|x64.ActiveCfg = Release|Any CPU
		{7BA41880-5D37-40BC-9FC9-88990E2CF58C}.Release|x64.Build.0 = Release|Any CPU
		{7BA41880-5D37-40BC-9FC9-88990E2CF58C}.Release|x86.ActiveCfg = Release|Any CPU
		{7BA41880-5D37-40BC-9FC9-88990E2CF58C}.Release|x86.Build.0 = Release|Any CPU
		{20EC2124-FBD9-4CAA-AF73-FD8BBABFD94B}.Debug|Any CPU.ActiveCfg = Debug|Any CPU
		{20EC2124-FBD9-4CAA-AF73-FD8BBABFD94B}.Debug|Any CPU.Build.0 = Debug|Any CPU
		{20EC2124-FBD9-4CAA-AF73-FD8BBABFD94B}.Debug|x64.ActiveCfg = Debug|Any CPU
		{20EC2124-FBD9-4CAA-AF73-FD8BBABFD94B}.Debug|x64.Build.0 = Debug|Any CPU
		{20EC2124-FBD9-4CAA-AF73-FD8BBABFD94B}.Debug|x86.ActiveCfg = Debug|Any CPU
		{20EC2124-FBD9-4CAA-AF73-FD8BBABFD94B}.Debug|x86.Build.0 = Debug|Any CPU
		{20EC2124-FBD9-4CAA-AF73-FD8BBABFD94B}.Release|Any CPU.ActiveCfg = Release|Any CPU
		{20EC2124-FBD9-4CAA-AF73-FD8BBABFD94B}.Release|Any CPU.Build.0 = Release|Any CPU
		{20EC2124-FBD9-4CAA-AF73-FD8BBABFD94B}.Release|x64.ActiveCfg = Release|Any CPU
		{20EC2124-FBD9-4CAA-AF73-FD8BBABFD94B}.Release|x64.Build.0 = Release|Any CPU
		{20EC2124-FBD9-4CAA-AF73-FD8BBABFD94B}.Release|x86.ActiveCfg = Release|Any CPU
		{20EC2124-FBD9-4CAA-AF73-FD8BBABFD94B}.Release|x86.Build.0 = Release|Any CPU
		{B2458167-4DA0-4DD3-A893-4B1110F3F48D}.Debug|Any CPU.ActiveCfg = Debug|Any CPU
		{B2458167-4DA0-4DD3-A893-4B1110F3F48D}.Debug|Any CPU.Build.0 = Debug|Any CPU
		{B2458167-4DA0-4DD3-A893-4B1110F3F48D}.Debug|x64.ActiveCfg = Debug|Any CPU
		{B2458167-4DA0-4DD3-A893-4B1110F3F48D}.Debug|x64.Build.0 = Debug|Any CPU
		{B2458167-4DA0-4DD3-A893-4B1110F3F48D}.Debug|x86.ActiveCfg = Debug|Any CPU
		{B2458167-4DA0-4DD3-A893-4B1110F3F48D}.Debug|x86.Build.0 = Debug|Any CPU
		{B2458167-4DA0-4DD3-A893-4B1110F3F48D}.Release|Any CPU.ActiveCfg = Release|Any CPU
		{B2458167-4DA0-4DD3-A893-4B1110F3F48D}.Release|Any CPU.Build.0 = Release|Any CPU
		{B2458167-4DA0-4DD3-A893-4B1110F3F48D}.Release|x64.ActiveCfg = Release|Any CPU
		{B2458167-4DA0-4DD3-A893-4B1110F3F48D}.Release|x64.Build.0 = Release|Any CPU
		{B2458167-4DA0-4DD3-A893-4B1110F3F48D}.Release|x86.ActiveCfg = Release|Any CPU
		{B2458167-4DA0-4DD3-A893-4B1110F3F48D}.Release|x86.Build.0 = Release|Any CPU
		{9D6551F6-54CC-4B32-BA69-F3AEAE1A3E84}.Debug|Any CPU.ActiveCfg = Debug|Any CPU
		{9D6551F6-54CC-4B32-BA69-F3AEAE1A3E84}.Debug|Any CPU.Build.0 = Debug|Any CPU
		{9D6551F6-54CC-4B32-BA69-F3AEAE1A3E84}.Debug|x64.ActiveCfg = Debug|Any CPU
		{9D6551F6-54CC-4B32-BA69-F3AEAE1A3E84}.Debug|x64.Build.0 = Debug|Any CPU
		{9D6551F6-54CC-4B32-BA69-F3AEAE1A3E84}.Debug|x86.ActiveCfg = Debug|Any CPU
		{9D6551F6-54CC-4B32-BA69-F3AEAE1A3E84}.Debug|x86.Build.0 = Debug|Any CPU
		{9D6551F6-54CC-4B32-BA69-F3AEAE1A3E84}.Release|Any CPU.ActiveCfg = Release|Any CPU
		{9D6551F6-54CC-4B32-BA69-F3AEAE1A3E84}.Release|Any CPU.Build.0 = Release|Any CPU
		{9D6551F6-54CC-4B32-BA69-F3AEAE1A3E84}.Release|x64.ActiveCfg = Release|Any CPU
		{9D6551F6-54CC-4B32-BA69-F3AEAE1A3E84}.Release|x64.Build.0 = Release|Any CPU
		{9D6551F6-54CC-4B32-BA69-F3AEAE1A3E84}.Release|x86.ActiveCfg = Release|Any CPU
		{9D6551F6-54CC-4B32-BA69-F3AEAE1A3E84}.Release|x86.Build.0 = Release|Any CPU
		{CD4361BF-6AD5-4CEC-B975-FE7DA96519F1}.Debug|Any CPU.ActiveCfg = Debug|Any CPU
		{CD4361BF-6AD5-4CEC-B975-FE7DA96519F1}.Debug|Any CPU.Build.0 = Debug|Any CPU
		{CD4361BF-6AD5-4CEC-B975-FE7DA96519F1}.Debug|x64.ActiveCfg = Debug|Any CPU
		{CD4361BF-6AD5-4CEC-B975-FE7DA96519F1}.Debug|x64.Build.0 = Debug|Any CPU
		{CD4361BF-6AD5-4CEC-B975-FE7DA96519F1}.Debug|x86.ActiveCfg = Debug|Any CPU
		{CD4361BF-6AD5-4CEC-B975-FE7DA96519F1}.Debug|x86.Build.0 = Debug|Any CPU
		{CD4361BF-6AD5-4CEC-B975-FE7DA96519F1}.Release|Any CPU.ActiveCfg = Release|Any CPU
		{CD4361BF-6AD5-4CEC-B975-FE7DA96519F1}.Release|Any CPU.Build.0 = Release|Any CPU
		{CD4361BF-6AD5-4CEC-B975-FE7DA96519F1}.Release|x64.ActiveCfg = Release|Any CPU
		{CD4361BF-6AD5-4CEC-B975-FE7DA96519F1}.Release|x64.Build.0 = Release|Any CPU
		{CD4361BF-6AD5-4CEC-B975-FE7DA96519F1}.Release|x86.ActiveCfg = Release|Any CPU
		{CD4361BF-6AD5-4CEC-B975-FE7DA96519F1}.Release|x86.Build.0 = Release|Any CPU
		{D5370347-A972-4EA0-B193-E684F3F9A088}.Debug|Any CPU.ActiveCfg = Debug|Any CPU
		{D5370347-A972-4EA0-B193-E684F3F9A088}.Debug|Any CPU.Build.0 = Debug|Any CPU
		{D5370347-A972-4EA0-B193-E684F3F9A088}.Debug|x64.ActiveCfg = Debug|Any CPU
		{D5370347-A972-4EA0-B193-E684F3F9A088}.Debug|x64.Build.0 = Debug|Any CPU
		{D5370347-A972-4EA0-B193-E684F3F9A088}.Debug|x86.ActiveCfg = Debug|Any CPU
		{D5370347-A972-4EA0-B193-E684F3F9A088}.Debug|x86.Build.0 = Debug|Any CPU
		{D5370347-A972-4EA0-B193-E684F3F9A088}.Release|Any CPU.ActiveCfg = Release|Any CPU
		{D5370347-A972-4EA0-B193-E684F3F9A088}.Release|Any CPU.Build.0 = Release|Any CPU
		{D5370347-A972-4EA0-B193-E684F3F9A088}.Release|x64.ActiveCfg = Release|Any CPU
		{D5370347-A972-4EA0-B193-E684F3F9A088}.Release|x64.Build.0 = Release|Any CPU
		{D5370347-A972-4EA0-B193-E684F3F9A088}.Release|x86.ActiveCfg = Release|Any CPU
		{D5370347-A972-4EA0-B193-E684F3F9A088}.Release|x86.Build.0 = Release|Any CPU
		{B4CE0E8B-8AB2-41A2-876E-D5923C49A498}.Debug|Any CPU.ActiveCfg = Debug|Any CPU
		{B4CE0E8B-8AB2-41A2-876E-D5923C49A498}.Debug|Any CPU.Build.0 = Debug|Any CPU
		{B4CE0E8B-8AB2-41A2-876E-D5923C49A498}.Debug|x64.ActiveCfg = Debug|Any CPU
		{B4CE0E8B-8AB2-41A2-876E-D5923C49A498}.Debug|x64.Build.0 = Debug|Any CPU
		{B4CE0E8B-8AB2-41A2-876E-D5923C49A498}.Debug|x86.ActiveCfg = Debug|Any CPU
		{B4CE0E8B-8AB2-41A2-876E-D5923C49A498}.Debug|x86.Build.0 = Debug|Any CPU
		{B4CE0E8B-8AB2-41A2-876E-D5923C49A498}.Release|Any CPU.ActiveCfg = Release|Any CPU
		{B4CE0E8B-8AB2-41A2-876E-D5923C49A498}.Release|Any CPU.Build.0 = Release|Any CPU
		{B4CE0E8B-8AB2-41A2-876E-D5923C49A498}.Release|x64.ActiveCfg = Release|Any CPU
		{B4CE0E8B-8AB2-41A2-876E-D5923C49A498}.Release|x64.Build.0 = Release|Any CPU
		{B4CE0E8B-8AB2-41A2-876E-D5923C49A498}.Release|x86.ActiveCfg = Release|Any CPU
		{B4CE0E8B-8AB2-41A2-876E-D5923C49A498}.Release|x86.Build.0 = Release|Any CPU
		{CC8D18A9-E52F-4301-BCA9-2F8673313807}.Debug|Any CPU.ActiveCfg = Debug|Any CPU
		{CC8D18A9-E52F-4301-BCA9-2F8673313807}.Debug|Any CPU.Build.0 = Debug|Any CPU
		{CC8D18A9-E52F-4301-BCA9-2F8673313807}.Debug|x64.ActiveCfg = Debug|Any CPU
		{CC8D18A9-E52F-4301-BCA9-2F8673313807}.Debug|x64.Build.0 = Debug|Any CPU
		{CC8D18A9-E52F-4301-BCA9-2F8673313807}.Debug|x86.ActiveCfg = Debug|Any CPU
		{CC8D18A9-E52F-4301-BCA9-2F8673313807}.Debug|x86.Build.0 = Debug|Any CPU
		{CC8D18A9-E52F-4301-BCA9-2F8673313807}.Release|Any CPU.ActiveCfg = Release|Any CPU
		{CC8D18A9-E52F-4301-BCA9-2F8673313807}.Release|Any CPU.Build.0 = Release|Any CPU
		{CC8D18A9-E52F-4301-BCA9-2F8673313807}.Release|x64.ActiveCfg = Release|Any CPU
		{CC8D18A9-E52F-4301-BCA9-2F8673313807}.Release|x64.Build.0 = Release|Any CPU
		{CC8D18A9-E52F-4301-BCA9-2F8673313807}.Release|x86.ActiveCfg = Release|Any CPU
		{CC8D18A9-E52F-4301-BCA9-2F8673313807}.Release|x86.Build.0 = Release|Any CPU
		{5E6F2300-0FBA-42F1-B677-06B9AC610173}.Debug|Any CPU.ActiveCfg = Debug|Any CPU
		{5E6F2300-0FBA-42F1-B677-06B9AC610173}.Debug|Any CPU.Build.0 = Debug|Any CPU
		{5E6F2300-0FBA-42F1-B677-06B9AC610173}.Debug|x64.ActiveCfg = Debug|Any CPU
		{5E6F2300-0FBA-42F1-B677-06B9AC610173}.Debug|x64.Build.0 = Debug|Any CPU
		{5E6F2300-0FBA-42F1-B677-06B9AC610173}.Debug|x86.ActiveCfg = Debug|Any CPU
		{5E6F2300-0FBA-42F1-B677-06B9AC610173}.Debug|x86.Build.0 = Debug|Any CPU
		{5E6F2300-0FBA-42F1-B677-06B9AC610173}.Release|Any CPU.ActiveCfg = Release|Any CPU
		{5E6F2300-0FBA-42F1-B677-06B9AC610173}.Release|Any CPU.Build.0 = Release|Any CPU
		{5E6F2300-0FBA-42F1-B677-06B9AC610173}.Release|x64.ActiveCfg = Release|Any CPU
		{5E6F2300-0FBA-42F1-B677-06B9AC610173}.Release|x64.Build.0 = Release|Any CPU
		{5E6F2300-0FBA-42F1-B677-06B9AC610173}.Release|x86.ActiveCfg = Release|Any CPU
		{5E6F2300-0FBA-42F1-B677-06B9AC610173}.Release|x86.Build.0 = Release|Any CPU
		{D38AF12A-99C0-4B59-8EA9-0A4E54C25941}.Debug|Any CPU.ActiveCfg = Debug|Any CPU
		{D38AF12A-99C0-4B59-8EA9-0A4E54C25941}.Debug|Any CPU.Build.0 = Debug|Any CPU
		{D38AF12A-99C0-4B59-8EA9-0A4E54C25941}.Debug|x64.ActiveCfg = Debug|Any CPU
		{D38AF12A-99C0-4B59-8EA9-0A4E54C25941}.Debug|x64.Build.0 = Debug|Any CPU
		{D38AF12A-99C0-4B59-8EA9-0A4E54C25941}.Debug|x86.ActiveCfg = Debug|Any CPU
		{D38AF12A-99C0-4B59-8EA9-0A4E54C25941}.Debug|x86.Build.0 = Debug|Any CPU
		{D38AF12A-99C0-4B59-8EA9-0A4E54C25941}.Release|Any CPU.ActiveCfg = Release|Any CPU
		{D38AF12A-99C0-4B59-8EA9-0A4E54C25941}.Release|Any CPU.Build.0 = Release|Any CPU
		{D38AF12A-99C0-4B59-8EA9-0A4E54C25941}.Release|x64.ActiveCfg = Release|Any CPU
		{D38AF12A-99C0-4B59-8EA9-0A4E54C25941}.Release|x64.Build.0 = Release|Any CPU
		{D38AF12A-99C0-4B59-8EA9-0A4E54C25941}.Release|x86.ActiveCfg = Release|Any CPU
		{D38AF12A-99C0-4B59-8EA9-0A4E54C25941}.Release|x86.Build.0 = Release|Any CPU
		{7A084F2A-CE7A-42CA-917E-CD28B755A5F5}.Debug|Any CPU.ActiveCfg = Debug|Any CPU
		{7A084F2A-CE7A-42CA-917E-CD28B755A5F5}.Debug|Any CPU.Build.0 = Debug|Any CPU
		{7A084F2A-CE7A-42CA-917E-CD28B755A5F5}.Debug|x64.ActiveCfg = Debug|Any CPU
		{7A084F2A-CE7A-42CA-917E-CD28B755A5F5}.Debug|x64.Build.0 = Debug|Any CPU
		{7A084F2A-CE7A-42CA-917E-CD28B755A5F5}.Debug|x86.ActiveCfg = Debug|Any CPU
		{7A084F2A-CE7A-42CA-917E-CD28B755A5F5}.Debug|x86.Build.0 = Debug|Any CPU
		{7A084F2A-CE7A-42CA-917E-CD28B755A5F5}.Release|Any CPU.ActiveCfg = Release|Any CPU
		{7A084F2A-CE7A-42CA-917E-CD28B755A5F5}.Release|Any CPU.Build.0 = Release|Any CPU
		{7A084F2A-CE7A-42CA-917E-CD28B755A5F5}.Release|x64.ActiveCfg = Release|Any CPU
		{7A084F2A-CE7A-42CA-917E-CD28B755A5F5}.Release|x64.Build.0 = Release|Any CPU
		{7A084F2A-CE7A-42CA-917E-CD28B755A5F5}.Release|x86.ActiveCfg = Release|Any CPU
		{7A084F2A-CE7A-42CA-917E-CD28B755A5F5}.Release|x86.Build.0 = Release|Any CPU
		{A0924FF5-4C77-495F-ABB5-DD0B51A5FA52}.Debug|Any CPU.ActiveCfg = Debug|Any CPU
		{A0924FF5-4C77-495F-ABB5-DD0B51A5FA52}.Debug|Any CPU.Build.0 = Debug|Any CPU
		{A0924FF5-4C77-495F-ABB5-DD0B51A5FA52}.Debug|x64.ActiveCfg = Debug|Any CPU
		{A0924FF5-4C77-495F-ABB5-DD0B51A5FA52}.Debug|x64.Build.0 = Debug|Any CPU
		{A0924FF5-4C77-495F-ABB5-DD0B51A5FA52}.Debug|x86.ActiveCfg = Debug|Any CPU
		{A0924FF5-4C77-495F-ABB5-DD0B51A5FA52}.Debug|x86.Build.0 = Debug|Any CPU
		{A0924FF5-4C77-495F-ABB5-DD0B51A5FA52}.Release|Any CPU.ActiveCfg = Release|Any CPU
		{A0924FF5-4C77-495F-ABB5-DD0B51A5FA52}.Release|Any CPU.Build.0 = Release|Any CPU
		{A0924FF5-4C77-495F-ABB5-DD0B51A5FA52}.Release|x64.ActiveCfg = Release|Any CPU
		{A0924FF5-4C77-495F-ABB5-DD0B51A5FA52}.Release|x64.Build.0 = Release|Any CPU
		{A0924FF5-4C77-495F-ABB5-DD0B51A5FA52}.Release|x86.ActiveCfg = Release|Any CPU
		{A0924FF5-4C77-495F-ABB5-DD0B51A5FA52}.Release|x86.Build.0 = Release|Any CPU
		{ED8DF410-21BA-431D-9570-CFDCE1B3DB28}.Debug|Any CPU.ActiveCfg = Debug|Any CPU
		{ED8DF410-21BA-431D-9570-CFDCE1B3DB28}.Debug|Any CPU.Build.0 = Debug|Any CPU
		{ED8DF410-21BA-431D-9570-CFDCE1B3DB28}.Debug|x64.ActiveCfg = Debug|Any CPU
		{ED8DF410-21BA-431D-9570-CFDCE1B3DB28}.Debug|x64.Build.0 = Debug|Any CPU
		{ED8DF410-21BA-431D-9570-CFDCE1B3DB28}.Debug|x86.ActiveCfg = Debug|Any CPU
		{ED8DF410-21BA-431D-9570-CFDCE1B3DB28}.Debug|x86.Build.0 = Debug|Any CPU
		{ED8DF410-21BA-431D-9570-CFDCE1B3DB28}.Release|Any CPU.ActiveCfg = Release|Any CPU
		{ED8DF410-21BA-431D-9570-CFDCE1B3DB28}.Release|Any CPU.Build.0 = Release|Any CPU
		{ED8DF410-21BA-431D-9570-CFDCE1B3DB28}.Release|x64.ActiveCfg = Release|Any CPU
		{ED8DF410-21BA-431D-9570-CFDCE1B3DB28}.Release|x64.Build.0 = Release|Any CPU
		{ED8DF410-21BA-431D-9570-CFDCE1B3DB28}.Release|x86.ActiveCfg = Release|Any CPU
		{ED8DF410-21BA-431D-9570-CFDCE1B3DB28}.Release|x86.Build.0 = Release|Any CPU
		{75E7A909-B448-474C-8570-57EE711E7541}.Debug|Any CPU.ActiveCfg = Debug|Any CPU
		{75E7A909-B448-474C-8570-57EE711E7541}.Debug|Any CPU.Build.0 = Debug|Any CPU
		{75E7A909-B448-474C-8570-57EE711E7541}.Debug|x64.ActiveCfg = Debug|Any CPU
		{75E7A909-B448-474C-8570-57EE711E7541}.Debug|x64.Build.0 = Debug|Any CPU
		{75E7A909-B448-474C-8570-57EE711E7541}.Debug|x86.ActiveCfg = Debug|Any CPU
		{75E7A909-B448-474C-8570-57EE711E7541}.Debug|x86.Build.0 = Debug|Any CPU
		{75E7A909-B448-474C-8570-57EE711E7541}.Release|Any CPU.ActiveCfg = Release|Any CPU
		{75E7A909-B448-474C-8570-57EE711E7541}.Release|Any CPU.Build.0 = Release|Any CPU
		{75E7A909-B448-474C-8570-57EE711E7541}.Release|x64.ActiveCfg = Release|Any CPU
		{75E7A909-B448-474C-8570-57EE711E7541}.Release|x64.Build.0 = Release|Any CPU
		{75E7A909-B448-474C-8570-57EE711E7541}.Release|x86.ActiveCfg = Release|Any CPU
		{75E7A909-B448-474C-8570-57EE711E7541}.Release|x86.Build.0 = Release|Any CPU
	EndGlobalSection
	GlobalSection(SolutionProperties) = preSolution
		HideSolutionNode = FALSE
	EndGlobalSection
	GlobalSection(NestedProjects) = preSolution
		{F6C2BE56-8B49-424B-8EEF-8824D0111E78} = {827E0CD3-B72D-47B6-A68D-7590B98EB39B}
		{289C8E0C-FED9-4FCA-A7F0-1C286EB0BFF3} = {827E0CD3-B72D-47B6-A68D-7590B98EB39B}
		{EE475A83-B223-4159-B567-8CE1D87D588B} = {827E0CD3-B72D-47B6-A68D-7590B98EB39B}
		{0FF3FA14-6858-4CEE-BDAD-DA48FA32587F} = {827E0CD3-B72D-47B6-A68D-7590B98EB39B}
		{90298CBA-BD6F-3A0A-69D5-97CAD7B05E7E} = {827E0CD3-B72D-47B6-A68D-7590B98EB39B}
		{51F9D2E5-A779-4257-A548-021762E3335B} = {90298CBA-BD6F-3A0A-69D5-97CAD7B05E7E}
		{A3267963-DFCF-42B3-9C18-FB793F7E733D} = {90298CBA-BD6F-3A0A-69D5-97CAD7B05E7E}
		{AF0E7D29-7C4E-4BDB-B1C8-A3FFDF9F1DE9} = {90298CBA-BD6F-3A0A-69D5-97CAD7B05E7E}
		{7BB81C42-BFCA-4125-885F-F4EAD9C1E066} = {90298CBA-BD6F-3A0A-69D5-97CAD7B05E7E}
		{9E756196-995C-43BB-BA68-53AC10C1E7A2} = {90298CBA-BD6F-3A0A-69D5-97CAD7B05E7E}
		{717CCF8E-0837-4DD1-BBF3-8D9052DF0CD4} = {90298CBA-BD6F-3A0A-69D5-97CAD7B05E7E}
		{5B1B0000-3E02-4794-8DAA-7C8060C54B8C} = {90298CBA-BD6F-3A0A-69D5-97CAD7B05E7E}
		{B241A945-6577-465E-A3EA-CC10BF889D17} = {90298CBA-BD6F-3A0A-69D5-97CAD7B05E7E}
		{ED88E887-3D08-4B53-BDB4-EB81B4F5A58A} = {90298CBA-BD6F-3A0A-69D5-97CAD7B05E7E}
		{CCD7E0B1-4CCB-4D48-81D6-24A444925335} = {90298CBA-BD6F-3A0A-69D5-97CAD7B05E7E}
		{8DA22109-89B3-48A9-B3F9-2BC2234CE923} = {90298CBA-BD6F-3A0A-69D5-97CAD7B05E7E}
		{A36B6B1D-025D-4917-B89C-0F1224F6B393} = {90298CBA-BD6F-3A0A-69D5-97CAD7B05E7E}
		{3B440AFE-E0A5-46B1-BC39-B66F0C51D9F2} = {0AB3BF05-4346-4AA6-1389-037BE0695223}
		{2037641B-7D5B-4DB2-80F6-889CF71A6CD6} = {0AB3BF05-4346-4AA6-1389-037BE0695223}
		{8F1DBEEA-BEAE-432C-886E-66A87CB3F528} = {0AB3BF05-4346-4AA6-1389-037BE0695223}
		{A0B89533-23E5-43F6-83F5-6D8DA84F79B0} = {0AB3BF05-4346-4AA6-1389-037BE0695223}
		{4E35CC6C-3E47-4786-8C1F-71BCDDAF2178} = {0AB3BF05-4346-4AA6-1389-037BE0695223}
		{6344EECB-2287-4715-961E-50A6208B3F67} = {0AB3BF05-4346-4AA6-1389-037BE0695223}
		{A8EB7498-EB3B-4F5C-A88A-B8444D44F693} = {0AB3BF05-4346-4AA6-1389-037BE0695223}
		{ED1A4888-1345-410D-B3E9-34EC8912FE96} = {0AB3BF05-4346-4AA6-1389-037BE0695223}
		{38B97AEE-814A-42A2-ABEF-DB8363EB896F} = {0AB3BF05-4346-4AA6-1389-037BE0695223}
		{9B7A43BC-BE13-4466-ACC1-A187CB6F42D9} = {0AB3BF05-4346-4AA6-1389-037BE0695223}
		{84FC2DFD-6E06-4605-A11D-F441AE108B94} = {0AB3BF05-4346-4AA6-1389-037BE0695223}
		{F9993C2E-8195-436B-B019-4E3F184520BD} = {0AB3BF05-4346-4AA6-1389-037BE0695223}
		{4C3EB7F4-F4DE-4753-83AE-5DA869337D12} = {0AB3BF05-4346-4AA6-1389-037BE0695223}
		{92DE12E9-351E-41BA-B379-AD45335666E0} = {0AB3BF05-4346-4AA6-1389-037BE0695223}
		{7BA41880-5D37-40BC-9FC9-88990E2CF58C} = {0AB3BF05-4346-4AA6-1389-037BE0695223}
		{20EC2124-FBD9-4CAA-AF73-FD8BBABFD94B} = {0AB3BF05-4346-4AA6-1389-037BE0695223}
		{B2458167-4DA0-4DD3-A893-4B1110F3F48D} = {0AB3BF05-4346-4AA6-1389-037BE0695223}
		{9D6551F6-54CC-4B32-BA69-F3AEAE1A3E84} = {0AB3BF05-4346-4AA6-1389-037BE0695223}
		{CD4361BF-6AD5-4CEC-B975-FE7DA96519F1} = {0AB3BF05-4346-4AA6-1389-037BE0695223}
		{D5370347-A972-4EA0-B193-E684F3F9A088} = {0AB3BF05-4346-4AA6-1389-037BE0695223}
		{B4CE0E8B-8AB2-41A2-876E-D5923C49A498} = {0AB3BF05-4346-4AA6-1389-037BE0695223}
		{CC8D18A9-E52F-4301-BCA9-2F8673313807} = {0AB3BF05-4346-4AA6-1389-037BE0695223}
		{5E6F2300-0FBA-42F1-B677-06B9AC610173} = {0AB3BF05-4346-4AA6-1389-037BE0695223}
		{D38AF12A-99C0-4B59-8EA9-0A4E54C25941} = {0AB3BF05-4346-4AA6-1389-037BE0695223}
		{7A084F2A-CE7A-42CA-917E-CD28B755A5F5} = {0AB3BF05-4346-4AA6-1389-037BE0695223}
		{A0924FF5-4C77-495F-ABB5-DD0B51A5FA52} = {0AB3BF05-4346-4AA6-1389-037BE0695223}
		{EC447DCF-ABFA-6E24-52A5-D7FD48A5C558} = {827E0CD3-B72D-47B6-A68D-7590B98EB39B}
		{ABB153F5-497E-25E7-E918-29ED4C71B6E5} = {EC447DCF-ABFA-6E24-52A5-D7FD48A5C558}
		{ED8DF410-21BA-431D-9570-CFDCE1B3DB28} = {ABB153F5-497E-25E7-E918-29ED4C71B6E5}
		{75E7A909-B448-474C-8570-57EE711E7541} = {0AB3BF05-4346-4AA6-1389-037BE0695223}
	EndGlobalSection
EndGlobal
